{
    "_readme": [
        "This file locks the dependencies of your project to a known state",
        "Read more about it at https://getcomposer.org/doc/01-basic-usage.md#installing-dependencies",
        "This file is @generated automatically"
    ],
    "content-hash": "998c93cd1e50f0bec7347dc54e104ee5",
    "packages": [
        {
            "name": "nancheng/pfinal-array",
            "version": "v0.2.1",
            "source": {
                "type": "git",
                "url": "https://github.com/pfinalclub/pfinal-array.git",
                "reference": "af8fd21da435a5e3763ba718c185288b69b515ce"
            },
            "dist": {
                "type": "zip",
                "url": "https://api.github.com/repos/pfinalclub/pfinal-array/zipball/af8fd21da435a5e3763ba718c185288b69b515ce",
                "reference": "af8fd21da435a5e3763ba718c185288b69b515ce",
                "shasum": "",
                "mirrors": [
                    {
                        "url": "https://mirrors.aliyun.com/composer/dists/%package%/%reference%.%type%",
                        "preferred": true
                    }
                ]
            },
            "require": {
                "php": ">=5.4.0"
            },
            "type": "library",
            "autoload": {
                "psr-4": {
                    "pf\\arr\\": "src/"
                }
            },
            "notification-url": "https://packagist.org/downloads/",
            "license": [
                "MIT"
            ],
            "authors": [
                {
                    "name": "南丞",
                    "email": "Lampxiezi@163.com",
                    "homepage": "http://friday-go.cc/"
                }
            ],
            "description": "This is a PHP array manipulation middleware",
            "homepage": "https://github.com/Neroxiezi/pfinal-array",
            "keywords": [
                "Q哥",
                "array",
                "pfinal",
                "php-array",
                "南丞"
            ],
            "time": "2018-09-08T07:04:46+00:00"
        }
    ],
    "packages-dev": [],
    "aliases": [],
    "minimum-stability": "stable",
    "stability-flags": [],
    "prefer-stable": false,
    "prefer-lowest": false,
    "platform": {
        "ext-json": "*"
    },
    "platform-dev": []
}
